
Microsoft Visual Studio Solution File, Format Version 12.00
# Visual Studio Version 17
VisualStudioVersion = 17.8.34330.188
MinimumVisualStudioVersion = 10.0.40219.1
Project("{FAE04EC0-301F-11D3-BF4B-00C04F79EFBC}") = "1078_Tabuada", "1078_Tabuada\1078_Tabuada.csproj", "{E7174AAB-04F9-41BC-AD68-846C09A5997E}"
EndProject
Global
	GlobalSection(SolutionConfigurationPlatforms) = preSolution
		Debug|Any CPU = Debug|Any CPU
		Release|Any CPU = Release|Any CPU
	EndGlobalSection
	GlobalSection(ProjectConfigurationPlatforms) = postSolution
		{E7174AAB-04F9-41BC-AD68-846C09A5997E}.Debug|Any CPU.ActiveCfg = Debug|Any CPU
		{E7174AAB-04F9-41BC-AD68-846C09A5997E}.Debug|Any CPU.Build.0 = Debug|Any CPU
		{E7174AAB-04F9-41BC-AD68-846C09A5997E}.Release|Any CPU.ActiveCfg = Release|Any CPU
		{E7174AAB-04F9-41BC-AD68-846C09A5997E}.Release|Any CPU.Build.0 = Release|Any CPU
	EndGlobalSection
	GlobalSection(SolutionProperties) = preSolution
		HideSolutionNode = FALSE
	EndGlobalSection
	GlobalSection(ExtensibilityGlobals) = postSolution
		SolutionGuid = {F79B45B1-05AB-4182-B8FD-D41C25978587}
	EndGlobalSection
EndGlobal
