
Microsoft Visual Studio Solution File, Format Version 12.00
# Visual Studio Version 17
VisualStudioVersion = 17.8.34330.188
MinimumVisualStudioVersion = 10.0.40219.1
Project("{FAE04EC0-301F-11D3-BF4B-00C04F79EFBC}") = "1018_Cedulas", "1018_Cedulas\1018_Cedulas.csproj", "{12E74B5F-6A73-4DDD-9931-157969790FB8}"
EndProject
Global
	GlobalSection(SolutionConfigurationPlatforms) = preSolution
		Debug|Any CPU = Debug|Any CPU
		Release|Any CPU = Release|Any CPU
	EndGlobalSection
	GlobalSection(ProjectConfigurationPlatforms) = postSolution
		{12E74B5F-6A73-4DDD-9931-157969790FB8}.Debug|Any CPU.ActiveCfg = Debug|Any CPU
		{12E74B5F-6A73-4DDD-9931-157969790FB8}.Debug|Any CPU.Build.0 = Debug|Any CPU
		{12E74B5F-6A73-4DDD-9931-157969790FB8}.Release|Any CPU.ActiveCfg = Release|Any CPU
		{12E74B5F-6A73-4DDD-9931-157969790FB8}.Release|Any CPU.Build.0 = Release|Any CPU
	EndGlobalSection
	GlobalSection(SolutionProperties) = preSolution
		HideSolutionNode = FALSE
	EndGlobalSection
	GlobalSection(ExtensibilityGlobals) = postSolution
		SolutionGuid = {FF81411D-2C74-4DD6-B3C7-A7D495B57089}
	EndGlobalSection
EndGlobal
