
Microsoft Visual Studio Solution File, Format Version 12.00
# Visual Studio Version 17
VisualStudioVersion = 17.8.34330.188
MinimumVisualStudioVersion = 10.0.40219.1
Project("{FAE04EC0-301F-11D3-BF4B-00C04F79EFBC}") = "1009_SalarioComBonus", "1009_SalarioComBonus\1009_SalarioComBonus.csproj", "{4ACF617A-B457-4CDB-91ED-2B1CFF683CDA}"
EndProject
Global
	GlobalSection(SolutionConfigurationPlatforms) = preSolution
		Debug|Any CPU = Debug|Any CPU
		Release|Any CPU = Release|Any CPU
	EndGlobalSection
	GlobalSection(ProjectConfigurationPlatforms) = postSolution
		{4ACF617A-B457-4CDB-91ED-2B1CFF683CDA}.Debug|Any CPU.ActiveCfg = Debug|Any CPU
		{4ACF617A-B457-4CDB-91ED-2B1CFF683CDA}.Debug|Any CPU.Build.0 = Debug|Any CPU
		{4ACF617A-B457-4CDB-91ED-2B1CFF683CDA}.Release|Any CPU.ActiveCfg = Release|Any CPU
		{4ACF617A-B457-4CDB-91ED-2B1CFF683CDA}.Release|Any CPU.Build.0 = Release|Any CPU
	EndGlobalSection
	GlobalSection(SolutionProperties) = preSolution
		HideSolutionNode = FALSE
	EndGlobalSection
	GlobalSection(ExtensibilityGlobals) = postSolution
		SolutionGuid = {7B25A691-1904-4EB3-AE6B-D82AFFCC6E08}
	EndGlobalSection
EndGlobal
