
Microsoft Visual Studio Solution File, Format Version 12.00
# Visual Studio Version 17
VisualStudioVersion = 17.8.34330.188
MinimumVisualStudioVersion = 10.0.40219.1
Project("{FAE04EC0-301F-11D3-BF4B-00C04F79EFBC}") = "1010_CalculoSimples", "1010_CalculoSimples\1010_CalculoSimples.csproj", "{953D7920-AD35-4DD9-9E05-293794B6B08A}"
EndProject
Global
	GlobalSection(SolutionConfigurationPlatforms) = preSolution
		Debug|Any CPU = Debug|Any CPU
		Release|Any CPU = Release|Any CPU
	EndGlobalSection
	GlobalSection(ProjectConfigurationPlatforms) = postSolution
		{953D7920-AD35-4DD9-9E05-293794B6B08A}.Debug|Any CPU.ActiveCfg = Debug|Any CPU
		{953D7920-AD35-4DD9-9E05-293794B6B08A}.Debug|Any CPU.Build.0 = Debug|Any CPU
		{953D7920-AD35-4DD9-9E05-293794B6B08A}.Release|Any CPU.ActiveCfg = Release|Any CPU
		{953D7920-AD35-4DD9-9E05-293794B6B08A}.Release|Any CPU.Build.0 = Release|Any CPU
	EndGlobalSection
	GlobalSection(SolutionProperties) = preSolution
		HideSolutionNode = FALSE
	EndGlobalSection
	GlobalSection(ExtensibilityGlobals) = postSolution
		SolutionGuid = {A1CF149E-08F0-45C5-AE93-DD0494F83119}
	EndGlobalSection
EndGlobal
