
Microsoft Visual Studio Solution File, Format Version 12.00
# Visual Studio Version 17
VisualStudioVersion = 17.8.34330.188
MinimumVisualStudioVersion = 10.0.40219.1
Project("{FAE04EC0-301F-11D3-BF4B-00C04F79EFBC}") = "EstruturaRepetitivaPara", "EstruturaRepetitivaPara\EstruturaRepetitivaPara.csproj", "{C901A86A-8311-4F99-9A13-AE216BF11C5F}"
EndProject
Global
	GlobalSection(SolutionConfigurationPlatforms) = preSolution
		Debug|Any CPU = Debug|Any CPU
		Release|Any CPU = Release|Any CPU
	EndGlobalSection
	GlobalSection(ProjectConfigurationPlatforms) = postSolution
		{C901A86A-8311-4F99-9A13-AE216BF11C5F}.Debug|Any CPU.ActiveCfg = Debug|Any CPU
		{C901A86A-8311-4F99-9A13-AE216BF11C5F}.Debug|Any CPU.Build.0 = Debug|Any CPU
		{C901A86A-8311-4F99-9A13-AE216BF11C5F}.Release|Any CPU.ActiveCfg = Release|Any CPU
		{C901A86A-8311-4F99-9A13-AE216BF11C5F}.Release|Any CPU.Build.0 = Release|Any CPU
	EndGlobalSection
	GlobalSection(SolutionProperties) = preSolution
		HideSolutionNode = FALSE
	EndGlobalSection
	GlobalSection(ExtensibilityGlobals) = postSolution
		SolutionGuid = {EF5808CE-C420-41EF-95FB-B0F212D293F0}
	EndGlobalSection
EndGlobal
