
Microsoft Visual Studio Solution File, Format Version 12.00
# Visual Studio Version 17
VisualStudioVersion = 17.8.34330.188
MinimumVisualStudioVersion = 10.0.40219.1
Project("{FAE04EC0-301F-11D3-BF4B-00C04F79EFBC}") = "Exercicio_1003", "Exercicio_1003\Exercicio_1003.csproj", "{4289E408-3166-44CA-AA09-849D052D9206}"
EndProject
Global
	GlobalSection(SolutionConfigurationPlatforms) = preSolution
		Debug|Any CPU = Debug|Any CPU
		Release|Any CPU = Release|Any CPU
	EndGlobalSection
	GlobalSection(ProjectConfigurationPlatforms) = postSolution
		{4289E408-3166-44CA-AA09-849D052D9206}.Debug|Any CPU.ActiveCfg = Debug|Any CPU
		{4289E408-3166-44CA-AA09-849D052D9206}.Debug|Any CPU.Build.0 = Debug|Any CPU
		{4289E408-3166-44CA-AA09-849D052D9206}.Release|Any CPU.ActiveCfg = Release|Any CPU
		{4289E408-3166-44CA-AA09-849D052D9206}.Release|Any CPU.Build.0 = Release|Any CPU
	EndGlobalSection
	GlobalSection(SolutionProperties) = preSolution
		HideSolutionNode = FALSE
	EndGlobalSection
	GlobalSection(ExtensibilityGlobals) = postSolution
		SolutionGuid = {BC55A3F0-FDB5-4528-BF47-09FD06EB3D84}
	EndGlobalSection
EndGlobal
