
Microsoft Visual Studio Solution File, Format Version 12.00
# Visual Studio Version 17
VisualStudioVersion = 17.8.34330.188
MinimumVisualStudioVersion = 10.0.40219.1
Project("{FAE04EC0-301F-11D3-BF4B-00C04F79EFBC}") = "1007_Diferenca", "1007_Diferenca\1007_Diferenca.csproj", "{406A28D1-6D8F-4606-9646-CD6D2285587A}"
EndProject
Global
	GlobalSection(SolutionConfigurationPlatforms) = preSolution
		Debug|Any CPU = Debug|Any CPU
		Release|Any CPU = Release|Any CPU
	EndGlobalSection
	GlobalSection(ProjectConfigurationPlatforms) = postSolution
		{406A28D1-6D8F-4606-9646-CD6D2285587A}.Debug|Any CPU.ActiveCfg = Debug|Any CPU
		{406A28D1-6D8F-4606-9646-CD6D2285587A}.Debug|Any CPU.Build.0 = Debug|Any CPU
		{406A28D1-6D8F-4606-9646-CD6D2285587A}.Release|Any CPU.ActiveCfg = Release|Any CPU
		{406A28D1-6D8F-4606-9646-CD6D2285587A}.Release|Any CPU.Build.0 = Release|Any CPU
	EndGlobalSection
	GlobalSection(SolutionProperties) = preSolution
		HideSolutionNode = FALSE
	EndGlobalSection
	GlobalSection(ExtensibilityGlobals) = postSolution
		SolutionGuid = {9A8B8C9F-449B-4DD3-94AD-7B78686B0ED4}
	EndGlobalSection
EndGlobal
