
Microsoft Visual Studio Solution File, Format Version 12.00
# Visual Studio Version 17
VisualStudioVersion = 17.8.34330.188
MinimumVisualStudioVersion = 10.0.40219.1
Project("{FAE04EC0-301F-11D3-BF4B-00C04F79EFBC}") = "Exercicio2", "Exercicio2\Exercicio2.csproj", "{800DCC0E-C2E3-4F56-94FF-C447DDB925D4}"
EndProject
Global
	GlobalSection(SolutionConfigurationPlatforms) = preSolution
		Debug|Any CPU = Debug|Any CPU
		Release|Any CPU = Release|Any CPU
	EndGlobalSection
	GlobalSection(ProjectConfigurationPlatforms) = postSolution
		{800DCC0E-C2E3-4F56-94FF-C447DDB925D4}.Debug|Any CPU.ActiveCfg = Debug|Any CPU
		{800DCC0E-C2E3-4F56-94FF-C447DDB925D4}.Debug|Any CPU.Build.0 = Debug|Any CPU
		{800DCC0E-C2E3-4F56-94FF-C447DDB925D4}.Release|Any CPU.ActiveCfg = Release|Any CPU
		{800DCC0E-C2E3-4F56-94FF-C447DDB925D4}.Release|Any CPU.Build.0 = Release|Any CPU
	EndGlobalSection
	GlobalSection(SolutionProperties) = preSolution
		HideSolutionNode = FALSE
	EndGlobalSection
	GlobalSection(ExtensibilityGlobals) = postSolution
		SolutionGuid = {78EA45D7-408C-46C5-8CF0-996D28EF468C}
	EndGlobalSection
EndGlobal
