
Microsoft Visual Studio Solution File, Format Version 12.00
# Visual Studio Version 17
VisualStudioVersion = 17.8.34330.188
MinimumVisualStudioVersion = 10.0.40219.1
Project("{FAE04EC0-301F-11D3-BF4B-00C04F79EFBC}") = "1004-ProdutoSimples", "1004-ProdutoSimples\1004-ProdutoSimples.csproj", "{01664F84-3D6D-40A6-8447-3CBF2B3C7E4F}"
EndProject
Global
	GlobalSection(SolutionConfigurationPlatforms) = preSolution
		Debug|Any CPU = Debug|Any CPU
		Release|Any CPU = Release|Any CPU
	EndGlobalSection
	GlobalSection(ProjectConfigurationPlatforms) = postSolution
		{01664F84-3D6D-40A6-8447-3CBF2B3C7E4F}.Debug|Any CPU.ActiveCfg = Debug|Any CPU
		{01664F84-3D6D-40A6-8447-3CBF2B3C7E4F}.Debug|Any CPU.Build.0 = Debug|Any CPU
		{01664F84-3D6D-40A6-8447-3CBF2B3C7E4F}.Release|Any CPU.ActiveCfg = Release|Any CPU
		{01664F84-3D6D-40A6-8447-3CBF2B3C7E4F}.Release|Any CPU.Build.0 = Release|Any CPU
	EndGlobalSection
	GlobalSection(SolutionProperties) = preSolution
		HideSolutionNode = FALSE
	EndGlobalSection
	GlobalSection(ExtensibilityGlobals) = postSolution
		SolutionGuid = {146F89BB-B5F9-46EF-9721-1FC048AD6495}
	EndGlobalSection
EndGlobal
